
Microsoft Visual Studio Solution File, Format Version 12.00
# Visual Studio 2013
VisualStudioVersion = 12.0.31101.0
MinimumVisualStudioVersion = 10.0.40219.1
Project("{2150E333-8FDC-42A3-9474-1A3956D46DE8}") = "Solution Items", "Solution Items", "{BB930DA6-036A-49A3-9179-8B1A9D06AADD}"
EndProject
Project("{FAE04EC0-301F-11D3-BF4B-00C04F79EFBC}") = "SQMWebsite", "SQMWebsite\SQMWebsite.csproj", "{38694B6A-13DE-482E-94A4-11CC231B9C33}"
EndProject
Project("{FAE04EC0-301F-11D3-BF4B-00C04F79EFBC}") = "HourlyTasks", "HourlyTasks\HourlyTasks.csproj", "{032451A8-10D0-4D34-BEB0-F0EDC5D3BC12}"
EndProject
Project("{FAE04EC0-301F-11D3-BF4B-00C04F79EFBC}") = "FileImport", "FileImport\FileImport.csproj", "{63D7594D-0DAC-43D0-9DCF-88AFD5ECE1A8}"
EndProject
Project("{FAE04EC0-301F-11D3-BF4B-00C04F79EFBC}") = "DataRollup", "DataRollup\DataRollup.csproj", "{57086141-4768-4CF0-9C86-6719E4665F8A}"
EndProject
Global
	GlobalSection(SolutionConfigurationPlatforms) = preSolution
		Debug|Any CPU = Debug|Any CPU
		Release|Any CPU = Release|Any CPU
	EndGlobalSection
	GlobalSection(ProjectConfigurationPlatforms) = postSolution
		{38694B6A-13DE-482E-94A4-11CC231B9C33}.Debug|Any CPU.ActiveCfg = Debug|Any CPU
		{38694B6A-13DE-482E-94A4-11CC231B9C33}.Debug|Any CPU.Build.0 = Debug|Any CPU
		{38694B6A-13DE-482E-94A4-11CC231B9C33}.Release|Any CPU.ActiveCfg = Release|Any CPU
		{38694B6A-13DE-482E-94A4-11CC231B9C33}.Release|Any CPU.Build.0 = Release|Any CPU
		{032451A8-10D0-4D34-BEB0-F0EDC5D3BC12}.Debug|Any CPU.ActiveCfg = Debug|Any CPU
		{032451A8-10D0-4D34-BEB0-F0EDC5D3BC12}.Debug|Any CPU.Build.0 = Debug|Any CPU
		{032451A8-10D0-4D34-BEB0-F0EDC5D3BC12}.Release|Any CPU.ActiveCfg = Release|Any CPU
		{032451A8-10D0-4D34-BEB0-F0EDC5D3BC12}.Release|Any CPU.Build.0 = Release|Any CPU
		{63D7594D-0DAC-43D0-9DCF-88AFD5ECE1A8}.Debug|Any CPU.ActiveCfg = Debug|Any CPU
		{63D7594D-0DAC-43D0-9DCF-88AFD5ECE1A8}.Debug|Any CPU.Build.0 = Debug|Any CPU
		{63D7594D-0DAC-43D0-9DCF-88AFD5ECE1A8}.Release|Any CPU.ActiveCfg = Release|Any CPU
		{63D7594D-0DAC-43D0-9DCF-88AFD5ECE1A8}.Release|Any CPU.Build.0 = Release|Any CPU
		{57086141-4768-4CF0-9C86-6719E4665F8A}.Debug|Any CPU.ActiveCfg = Debug|Any CPU
		{57086141-4768-4CF0-9C86-6719E4665F8A}.Debug|Any CPU.Build.0 = Debug|Any CPU
		{57086141-4768-4CF0-9C86-6719E4665F8A}.Release|Any CPU.ActiveCfg = Release|Any CPU
		{57086141-4768-4CF0-9C86-6719E4665F8A}.Release|Any CPU.Build.0 = Release|Any CPU
	EndGlobalSection
	GlobalSection(SolutionProperties) = preSolution
		HideSolutionNode = FALSE
	EndGlobalSection
	GlobalSection(ExtensibilityGlobals) = postSolution
		VisualSVNWorkingCopyRoot = .
	EndGlobalSection
	GlobalSection(TeamFoundationVersionControl) = preSolution
		SccNumberOfProjects = 5
		SccEnterpriseProvider = {4CA58AB2-18FA-4F8D-95D4-32DDF27D184C}
		SccTeamFoundationServer = http://plato:8080/tfs/luxcollection
		SccLocalPath0 = .
		SccProjectUniqueName1 = SQMWebsite\\SQMWebsite.csproj
		SccProjectName1 = SQMWebsite
		SccLocalPath1 = SQMWebsite
		SccProjectUniqueName2 = HourlyTasks\\HourlyTasks.csproj
		SccProjectName2 = HourlyTasks
		SccLocalPath2 = HourlyTasks
		SccProjectUniqueName3 = FileImport\\FileImport.csproj
		SccProjectName3 = FileImport
		SccLocalPath3 = FileImport
		SccProjectUniqueName4 = DataRollup\\DataRollup.csproj
		SccProjectName4 = DataRollup
		SccLocalPath4 = DataRollup
	EndGlobalSection
EndGlobal
