
Microsoft Visual Studio Solution File, Format Version 12.00
# Visual Studio 2013
VisualStudioVersion = 12.0.31101.0
MinimumVisualStudioVersion = 10.0.40219.1
Project("{2150E333-8FDC-42A3-9474-1A3956D46DE8}") = "Solution Items", "Solution Items", "{BB930DA6-036A-49A3-9179-8B1A9D06AADD}"
EndProject
Project("{FAE04EC0-301F-11D3-BF4B-00C04F79EFBC}") = "SQMWebsite", "SQMWebsite\SQMWebsite.csproj", "{38694B6A-13DE-482E-94A4-11CC231B9C33}"
EndProject
Project("{FAE04EC0-301F-11D3-BF4B-00C04F79EFBC}") = "SQMFileUpload", "SQMFileUpload\SQMFileUpload.csproj", "{122192DA-8351-42AA-AC86-EE9108A15970}"
EndProject
Project("{FAE04EC0-301F-11D3-BF4B-00C04F79EFBC}") = "VIAReceiptInspection", "VIAReceiptNonConformance\VIAReceiptInspection.csproj", "{262A00F4-0CAC-42CF-A11E-7A3E0970AEEA}"
EndProject
Global
	GlobalSection(TeamFoundationVersionControl) = preSolution
		SccNumberOfProjects = 4
		SccEnterpriseProvider = {4CA58AB2-18FA-4F8D-95D4-32DDF27D184C}
		SccTeamFoundationServer = http://plato:8080/tfs/luxcollection
		SccLocalPath0 = .
		SccProjectUniqueName1 = SQMFileUpload\\SQMFileUpload.csproj
		SccProjectName1 = SQMFileUpload
		SccLocalPath1 = SQMFileUpload
		SccProjectUniqueName2 = SQMWebsite\\SQMWebsite.csproj
		SccProjectName2 = SQMWebsite
		SccLocalPath2 = SQMWebsite
		SccProjectUniqueName3 = VIAReceiptNonConformance\\VIAReceiptInspection.csproj
		SccProjectName3 = VIAReceiptNonConformance
		SccLocalPath3 = VIAReceiptNonConformance
	EndGlobalSection
	GlobalSection(SolutionConfigurationPlatforms) = preSolution
		Debug|Any CPU = Debug|Any CPU
		Release|Any CPU = Release|Any CPU
	EndGlobalSection
	GlobalSection(ProjectConfigurationPlatforms) = postSolution
		{38694B6A-13DE-482E-94A4-11CC231B9C33}.Debug|Any CPU.ActiveCfg = Debug|Any CPU
		{38694B6A-13DE-482E-94A4-11CC231B9C33}.Debug|Any CPU.Build.0 = Debug|Any CPU
		{38694B6A-13DE-482E-94A4-11CC231B9C33}.Release|Any CPU.ActiveCfg = Release|Any CPU
		{38694B6A-13DE-482E-94A4-11CC231B9C33}.Release|Any CPU.Build.0 = Release|Any CPU
		{122192DA-8351-42AA-AC86-EE9108A15970}.Debug|Any CPU.ActiveCfg = Debug|Any CPU
		{122192DA-8351-42AA-AC86-EE9108A15970}.Debug|Any CPU.Build.0 = Debug|Any CPU
		{122192DA-8351-42AA-AC86-EE9108A15970}.Release|Any CPU.ActiveCfg = Release|Any CPU
		{122192DA-8351-42AA-AC86-EE9108A15970}.Release|Any CPU.Build.0 = Release|Any CPU
		{262A00F4-0CAC-42CF-A11E-7A3E0970AEEA}.Debug|Any CPU.ActiveCfg = Debug|Any CPU
		{262A00F4-0CAC-42CF-A11E-7A3E0970AEEA}.Debug|Any CPU.Build.0 = Debug|Any CPU
		{262A00F4-0CAC-42CF-A11E-7A3E0970AEEA}.Release|Any CPU.ActiveCfg = Release|Any CPU
		{262A00F4-0CAC-42CF-A11E-7A3E0970AEEA}.Release|Any CPU.Build.0 = Release|Any CPU
	EndGlobalSection
	GlobalSection(SolutionProperties) = preSolution
		HideSolutionNode = FALSE
	EndGlobalSection
	GlobalSection(ExtensibilityGlobals) = postSolution
		VisualSVNWorkingCopyRoot = .
	EndGlobalSection
EndGlobal
